{
    "_readme": [
        "This file locks the dependencies of your project to a known state",
        "Read more about it at http://getcomposer.org/doc/01-basic-usage.md#composer-lock-the-lock-file"
    ],
    "hash": "6fe00b914b99410428e4d1a365d13738",
    "packages": [
        {
            "name": "erebot/plop",
            "version": "dev-master",
            "source": {
                "type": "git",
                "url": "https://github.com/Erebot/Plop.git",
                "reference": "2301d164fd3e091e62de1fa46252242456384680"
            },
            "dist": {
                "type": "zip",
                "url": "https://api.github.com/repos/Erebot/Plop/zipball/2301d164fd3e091e62de1fa46252242456384680",
                "reference": "2301d164fd3e091e62de1fa46252242456384680",
                "shasum": ""
            },
            "require": {
                "ext-pcre": "*",
                "ext-sockets": "*",
                "ext-spl": "*",
                "php": ">=5.2.1"
            },
            "require-dev": {
                "erebot/buildenv": "dev-master"
            },
            "type": "library",
            "extra": {
                "branch-alias": {
                    "dev-master": "1.0.x-dev"
                }
            },
            "autoload": {
                "psr-0": {
                    "Plop": "src/"
                }
            },
            "notification-url": "https://packagist.org/downloads/",
            "license": [
                "GPL-3.0+"
            ],
            "authors": [
                {
                    "name": "François Poirotte",
                    "email": "clicky@erebot.net",
                    "role": "lead"
                }
            ],
            "description": "A simple logging library for PHP",
            "homepage": "https://github.com/Erebot/Plop",
            "keywords": [
                "log",
                "logging"
            ],
            "time": "2013-10-20 20:30:57"
        },
        {
            "name": "symfony/config",
            "version": "v2.4.3",
            "target-dir": "Symfony/Component/Config",
            "source": {
                "type": "git",
                "url": "https://github.com/symfony/Config.git",
                "reference": "e98693981385224bd31667e56204f311d9e0f98e"
            },
            "dist": {
                "type": "zip",
                "url": "https://api.github.com/repos/symfony/Config/zipball/e98693981385224bd31667e56204f311d9e0f98e",
                "reference": "e98693981385224bd31667e56204f311d9e0f98e",
                "shasum": ""
            },
            "require": {
                "php": ">=5.3.3",
                "symfony/filesystem": "~2.3"
            },
            "type": "library",
            "extra": {
                "branch-alias": {
                    "dev-master": "2.4-dev"
                }
            },
            "autoload": {
                "psr-0": {
                    "Symfony\\Component\\Config\\": ""
                }
            },
            "notification-url": "https://packagist.org/downloads/",
            "license": [
                "MIT"
            ],
            "authors": [
                {
                    "name": "Fabien Potencier",
                    "email": "fabien@symfony.com",
                    "homepage": "http://fabien.potencier.org",
                    "role": "Lead Developer"
                },
                {
                    "name": "Symfony Community",
                    "homepage": "http://symfony.com/contributors"
                }
            ],
            "description": "Symfony Config Component",
            "homepage": "http://symfony.com",
            "time": "2014-03-26 11:35:33"
        },
        {
            "name": "symfony/dependency-injection",
            "version": "v2.4.3",
            "target-dir": "Symfony/Component/DependencyInjection",
            "source": {
                "type": "git",
                "url": "https://github.com/symfony/DependencyInjection.git",
                "reference": "5f17442aaa47610fcff7daeb635c834be71df204"
            },
            "dist": {
                "type": "zip",
                "url": "https://api.github.com/repos/symfony/DependencyInjection/zipball/5f17442aaa47610fcff7daeb635c834be71df204",
                "reference": "5f17442aaa47610fcff7daeb635c834be71df204",
                "shasum": ""
            },
            "require": {
                "php": ">=5.3.3"
            },
            "require-dev": {
                "symfony/config": "~2.2",
                "symfony/expression-language": "~2.4",
                "symfony/yaml": "~2.0"
            },
            "suggest": {
                "symfony/config": "",
                "symfony/proxy-manager-bridge": "Generate service proxies to lazy load them",
                "symfony/yaml": ""
            },
            "type": "library",
            "extra": {
                "branch-alias": {
                    "dev-master": "2.4-dev"
                }
            },
            "autoload": {
                "psr-0": {
                    "Symfony\\Component\\DependencyInjection\\": ""
                }
            },
            "notification-url": "https://packagist.org/downloads/",
            "license": [
                "MIT"
            ],
            "authors": [
                {
                    "name": "Fabien Potencier",
                    "email": "fabien@symfony.com",
                    "homepage": "http://fabien.potencier.org",
                    "role": "Lead Developer"
                },
                {
                    "name": "Symfony Community",
                    "homepage": "http://symfony.com/contributors"
                }
            ],
            "description": "Symfony DependencyInjection Component",
            "homepage": "http://symfony.com",
            "time": "2014-03-27 14:53:17"
        },
        {
            "name": "symfony/filesystem",
            "version": "v2.4.3",
            "target-dir": "Symfony/Component/Filesystem",
            "source": {
                "type": "git",
                "url": "https://github.com/symfony/Filesystem.git",
                "reference": "b717952487176a993e9b12a08b87beae25ae419c"
            },
            "dist": {
                "type": "zip",
                "url": "https://api.github.com/repos/symfony/Filesystem/zipball/b717952487176a993e9b12a08b87beae25ae419c",
                "reference": "b717952487176a993e9b12a08b87beae25ae419c",
                "shasum": ""
            },
            "require": {
                "php": ">=5.3.3"
            },
            "type": "library",
            "extra": {
                "branch-alias": {
                    "dev-master": "2.4-dev"
                }
            },
            "autoload": {
                "psr-0": {
                    "Symfony\\Component\\Filesystem\\": ""
                }
            },
            "notification-url": "https://packagist.org/downloads/",
            "license": [
                "MIT"
            ],
            "authors": [
                {
                    "name": "Fabien Potencier",
                    "email": "fabien@symfony.com",
                    "homepage": "http://fabien.potencier.org",
                    "role": "Lead Developer"
                },
                {
                    "name": "Symfony Community",
                    "homepage": "http://symfony.com/contributors"
                }
            ],
            "description": "Symfony Filesystem Component",
            "homepage": "http://symfony.com",
            "time": "2014-03-26 11:55:03"
        }
    ],
    "packages-dev": [
        {
            "name": "behat/behat",
            "version": "v2.5.2",
            "source": {
                "type": "git",
                "url": "https://github.com/Behat/Behat.git",
                "reference": "a12154aae8a09248637fbca8ef3b2ef2ac71f2aa"
            },
            "dist": {
                "type": "zip",
                "url": "https://api.github.com/repos/Behat/Behat/zipball/a12154aae8a09248637fbca8ef3b2ef2ac71f2aa",
                "reference": "a12154aae8a09248637fbca8ef3b2ef2ac71f2aa",
                "shasum": ""
            },
            "require": {
                "behat/gherkin": "~2.3.0",
                "php": ">=5.3.1",
                "symfony/config": "~2.0",
                "symfony/console": "~2.0",
                "symfony/dependency-injection": "~2.0",
                "symfony/event-dispatcher": "~2.0",
                "symfony/finder": "~2.0",
                "symfony/translation": "~2.0",
                "symfony/yaml": "~2.0"
            },
            "require-dev": {
                "phpunit/phpunit": "~3.7.19"
            },
            "suggest": {
                "behat/mink-extension": "for integration with Mink testing framework",
                "behat/symfony2-extension": "for integration with Symfony2 web framework",
                "behat/yii-extension": "for integration with Yii web framework"
            },
            "bin": [
                "bin/behat"
            ],
            "type": "library",
            "autoload": {
                "psr-0": {
                    "Behat\\Behat": "src/"
                }
            },
            "notification-url": "https://packagist.org/downloads/",
            "license": [
                "MIT"
            ],
            "authors": [
                {
                    "name": "Konstantin Kudryashov",
                    "email": "ever.zet@gmail.com",
                    "homepage": "http://everzet.com"
                }
            ],
            "description": "Scenario-oriented BDD framework for PHP 5.3",
            "homepage": "http://behat.org/",
            "keywords": [
                "BDD",
                "Behat",
                "Symfony2"
            ],
            "time": "2014-02-12 17:03:46"
        },
        {
            "name": "behat/gherkin",
            "version": "v2.3.5",
            "source": {
                "type": "git",
                "url": "https://github.com/Behat/Gherkin.git",
                "reference": "2b33963da5525400573560c173ab5c9c057e1852"
            },
            "dist": {
                "type": "zip",
                "url": "https://api.github.com/repos/Behat/Gherkin/zipball/2b33963da5525400573560c173ab5c9c057e1852",
                "reference": "2b33963da5525400573560c173ab5c9c057e1852",
                "shasum": ""
            },
            "require": {
                "php": ">=5.3.1",
                "symfony/finder": "~2.0"
            },
            "require-dev": {
                "symfony/config": "~2.0",
                "symfony/translation": "~2.0",
                "symfony/yaml": "~2.0"
            },
            "suggest": {
                "symfony/config": "If you want to use Config component to manage resources",
                "symfony/translation": "If you want to use Symfony2 translations adapter",
                "symfony/yaml": "If you want to parse features, represented in YAML files"
            },
            "type": "library",
            "extra": {
                "branch-alias": {
                    "dev-develop": "2.2-dev"
                }
            },
            "autoload": {
                "psr-0": {
                    "Behat\\Gherkin": "src/"
                }
            },
            "notification-url": "https://packagist.org/downloads/",
            "license": [
                "MIT"
            ],
            "authors": [
                {
                    "name": "Konstantin Kudryashov",
                    "email": "ever.zet@gmail.com",
                    "homepage": "http://everzet.com"
                }
            ],
            "description": "Gherkin DSL parser for PHP 5.3",
            "homepage": "http://behat.org/",
            "keywords": [
                "BDD",
                "Behat",
                "DSL",
                "Symfony2",
                "parser"
            ],
            "time": "2013-10-15 11:22:17"
        },
        {
            "name": "erebot/buildenv",
            "version": "dev-master",
            "source": {
                "type": "git",
                "url": "https://github.com/Erebot/Erebot_Buildenv.git",
                "reference": "d04ba382e7a65235ed238bdfd73909bfc213e92c"
            },
            "dist": {
                "type": "zip",
                "url": "https://api.github.com/repos/Erebot/Erebot_Buildenv/zipball/d04ba382e7a65235ed238bdfd73909bfc213e92c",
                "reference": "d04ba382e7a65235ed238bdfd73909bfc213e92c",
                "shasum": ""
            },
            "require": {
                "ext-json": "*",
                "ext-phar": "*",
                "ext-xsl": "*",
                "phing/phing": ">=2.4.3",
                "php": ">=5.2.2"
            },
            "type": "library",
            "extra": {
                "branch-alias": {
                    "dev-master": "1.1.x-dev"
                }
            },
            "notification-url": "https://packagist.org/downloads/",
            "license": [
                "GPL-3.0+"
            ],
            "authors": [
                {
                    "name": "François Poirotte",
                    "email": "clicky@erebot.net",
                    "role": "lead"
                }
            ],
            "description": "Build environment for the Erebot project",
            "homepage": "https://github.com/Erebot/Erebot_Buildenv",
            "keywords": [
                "Erebot"
            ],
            "time": "2014-02-15 22:31:44"
        },
        {
            "name": "pdepend/pdepend",
            "version": "1.1.3",
            "source": {
                "type": "git",
                "url": "https://github.com/pdepend/pdepend.git",
                "reference": "1537f19d62d7b30c13ac173270106df7c6b9c459"
            },
            "dist": {
                "type": "zip",
                "url": "https://api.github.com/repos/pdepend/pdepend/zipball/1537f19d62d7b30c13ac173270106df7c6b9c459",
                "reference": "1537f19d62d7b30c13ac173270106df7c6b9c459",
                "shasum": ""
            },
            "require": {
                "php": ">=5.2.3"
            },
            "bin": [
                "src/bin/pdepend"
            ],
            "type": "library",
            "autoload": {
                "psr-0": {
                    "PHP_": "src/main/php/"
                }
            },
            "notification-url": "https://packagist.org/downloads/",
            "license": [
                "BSD-3-Clause"
            ],
            "description": "Official version of pdepend to be handled with Composer",
            "time": "2013-12-04 17:46:00"
        },
        {
            "name": "phing/phing",
            "version": "2.7.0",
            "source": {
                "type": "git",
                "url": "https://github.com/phingofficial/phing.git",
                "reference": "bd2689790c620ac745b3ad29765c641a0dd5d007"
            },
            "dist": {
                "type": "zip",
                "url": "https://api.github.com/repos/phingofficial/phing/zipball/bd2689790c620ac745b3ad29765c641a0dd5d007",
                "reference": "bd2689790c620ac745b3ad29765c641a0dd5d007",
                "shasum": ""
            },
            "require": {
                "php": ">=5.2.0"
            },
            "bin": [
                "bin/phing"
            ],
            "type": "library",
            "autoload": {
                "classmap": [
                    "classes/phing/"
                ]
            },
            "notification-url": "https://packagist.org/downloads/",
            "include-path": [
                "classes"
            ],
            "license": [
                "LGPL3"
            ],
            "authors": [
                {
                    "name": "Michiel Rook",
                    "email": "mrook@php.net"
                },
                {
                    "name": "Phing Community",
                    "homepage": "http://www.phing.info/trac/wiki/Development/Contributors"
                }
            ],
            "description": "PHing Is Not GNU make; it's a PHP project build system or build tool based on Apache Ant.",
            "homepage": "http://www.phing.info/",
            "keywords": [
                "build",
                "task",
                "tool"
            ],
            "time": "2014-02-13 13:17:59"
        },
        {
            "name": "phpmd/phpmd",
            "version": "1.5.0",
            "source": {
                "type": "git",
                "url": "https://github.com/phpmd/phpmd.git",
                "reference": "692b7b1b64518091b2b1bea91b489dbb13598c07"
            },
            "dist": {
                "type": "zip",
                "url": "https://api.github.com/repos/phpmd/phpmd/zipball/692b7b1b64518091b2b1bea91b489dbb13598c07",
                "reference": "692b7b1b64518091b2b1bea91b489dbb13598c07",
                "shasum": ""
            },
            "require": {
                "pdepend/pdepend": ">=1.1.1",
                "php": ">=5.3.0"
            },
            "bin": [
                "src/bin/phpmd"
            ],
            "type": "library",
            "notification-url": "https://packagist.org/downloads/",
            "include-path": [
                "../../pdepend/pdepend/src/main/php",
                "src/main/php"
            ],
            "description": "Official version of PHPMD handled with Composer.",
            "time": "2013-07-26 14:47:02"
        },
        {
            "name": "phpunit/php-code-coverage",
            "version": "1.2.17",
            "source": {
                "type": "git",
                "url": "https://github.com/sebastianbergmann/php-code-coverage.git",
                "reference": "6ef2bf3a1c47eca07ea95f0d8a902a6340390b34"
            },
            "dist": {
                "type": "zip",
                "url": "https://api.github.com/repos/sebastianbergmann/php-code-coverage/zipball/6ef2bf3a1c47eca07ea95f0d8a902a6340390b34",
                "reference": "6ef2bf3a1c47eca07ea95f0d8a902a6340390b34",
                "shasum": ""
            },
            "require": {
                "php": ">=5.3.3",
                "phpunit/php-file-iterator": ">=1.3.0@stable",
                "phpunit/php-text-template": ">=1.2.0@stable",
                "phpunit/php-token-stream": ">=1.1.3@stable"
            },
            "require-dev": {
                "phpunit/phpunit": "3.7.*@dev"
            },
            "suggest": {
                "ext-dom": "*",
                "ext-xdebug": ">=2.0.5"
            },
            "type": "library",
            "extra": {
                "branch-alias": {
                    "dev-master": "1.2.x-dev"
                }
            },
            "autoload": {
                "classmap": [
                    "PHP/"
                ]
            },
            "notification-url": "https://packagist.org/downloads/",
            "include-path": [
                ""
            ],
            "license": [
                "BSD-3-Clause"
            ],
            "authors": [
                {
                    "name": "Sebastian Bergmann",
                    "email": "sb@sebastian-bergmann.de",
                    "role": "lead"
                }
            ],
            "description": "Library that provides collection, processing, and rendering functionality for PHP code coverage information.",
            "homepage": "https://github.com/sebastianbergmann/php-code-coverage",
            "keywords": [
                "coverage",
                "testing",
                "xunit"
            ],
            "time": "2014-03-28 10:53:45"
        },
        {
            "name": "phpunit/php-file-iterator",
            "version": "1.3.4",
            "source": {
                "type": "git",
                "url": "https://github.com/sebastianbergmann/php-file-iterator.git",
                "reference": "acd690379117b042d1c8af1fafd61bde001bf6bb"
            },
            "dist": {
                "type": "zip",
                "url": "https://api.github.com/repos/sebastianbergmann/php-file-iterator/zipball/acd690379117b042d1c8af1fafd61bde001bf6bb",
                "reference": "acd690379117b042d1c8af1fafd61bde001bf6bb",
                "shasum": ""
            },
            "require": {
                "php": ">=5.3.3"
            },
            "type": "library",
            "autoload": {
                "classmap": [
                    "File/"
                ]
            },
            "notification-url": "https://packagist.org/downloads/",
            "include-path": [
                ""
            ],
            "license": [
                "BSD-3-Clause"
            ],
            "authors": [
                {
                    "name": "Sebastian Bergmann",
                    "email": "sb@sebastian-bergmann.de",
                    "role": "lead"
                }
            ],
            "description": "FilterIterator implementation that filters files based on a list of suffixes.",
            "homepage": "https://github.com/sebastianbergmann/php-file-iterator/",
            "keywords": [
                "filesystem",
                "iterator"
            ],
            "time": "2013-10-10 15:34:57"
        },
        {
            "name": "phpunit/php-text-template",
            "version": "1.2.0",
            "source": {
                "type": "git",
                "url": "https://github.com/sebastianbergmann/php-text-template.git",
                "reference": "206dfefc0ffe9cebf65c413e3d0e809c82fbf00a"
            },
            "dist": {
                "type": "zip",
                "url": "https://api.github.com/repos/sebastianbergmann/php-text-template/zipball/206dfefc0ffe9cebf65c413e3d0e809c82fbf00a",
                "reference": "206dfefc0ffe9cebf65c413e3d0e809c82fbf00a",
                "shasum": ""
            },
            "require": {
                "php": ">=5.3.3"
            },
            "type": "library",
            "autoload": {
                "classmap": [
                    "Text/"
                ]
            },
            "notification-url": "https://packagist.org/downloads/",
            "include-path": [
                ""
            ],
            "license": [
                "BSD-3-Clause"
            ],
            "authors": [
                {
                    "name": "Sebastian Bergmann",
                    "email": "sb@sebastian-bergmann.de",
                    "role": "lead"
                }
            ],
            "description": "Simple template engine.",
            "homepage": "https://github.com/sebastianbergmann/php-text-template/",
            "keywords": [
                "template"
            ],
            "time": "2014-01-30 17:20:04"
        },
        {
            "name": "phpunit/php-timer",
            "version": "1.0.5",
            "source": {
                "type": "git",
                "url": "https://github.com/sebastianbergmann/php-timer.git",
                "reference": "19689d4354b295ee3d8c54b4f42c3efb69cbc17c"
            },
            "dist": {
                "type": "zip",
                "url": "https://api.github.com/repos/sebastianbergmann/php-timer/zipball/19689d4354b295ee3d8c54b4f42c3efb69cbc17c",
                "reference": "19689d4354b295ee3d8c54b4f42c3efb69cbc17c",
                "shasum": ""
            },
            "require": {
                "php": ">=5.3.3"
            },
            "type": "library",
            "autoload": {
                "classmap": [
                    "PHP/"
                ]
            },
            "notification-url": "https://packagist.org/downloads/",
            "include-path": [
                ""
            ],
            "license": [
                "BSD-3-Clause"
            ],
            "authors": [
                {
                    "name": "Sebastian Bergmann",
                    "email": "sb@sebastian-bergmann.de",
                    "role": "lead"
                }
            ],
            "description": "Utility class for timing",
            "homepage": "https://github.com/sebastianbergmann/php-timer/",
            "keywords": [
                "timer"
            ],
            "time": "2013-08-02 07:42:54"
        },
        {
            "name": "phpunit/php-token-stream",
            "version": "1.2.2",
            "source": {
                "type": "git",
                "url": "https://github.com/sebastianbergmann/php-token-stream.git",
                "reference": "ad4e1e23ae01b483c16f600ff1bebec184588e32"
            },
            "dist": {
                "type": "zip",
                "url": "https://api.github.com/repos/sebastianbergmann/php-token-stream/zipball/ad4e1e23ae01b483c16f600ff1bebec184588e32",
                "reference": "ad4e1e23ae01b483c16f600ff1bebec184588e32",
                "shasum": ""
            },
            "require": {
                "ext-tokenizer": "*",
                "php": ">=5.3.3"
            },
            "type": "library",
            "extra": {
                "branch-alias": {
                    "dev-master": "1.2-dev"
                }
            },
            "autoload": {
                "classmap": [
                    "PHP/"
                ]
            },
            "notification-url": "https://packagist.org/downloads/",
            "include-path": [
                ""
            ],
            "license": [
                "BSD-3-Clause"
            ],
            "authors": [
                {
                    "name": "Sebastian Bergmann",
                    "email": "sb@sebastian-bergmann.de",
                    "role": "lead"
                }
            ],
            "description": "Wrapper around PHP's tokenizer extension.",
            "homepage": "https://github.com/sebastianbergmann/php-token-stream/",
            "keywords": [
                "tokenizer"
            ],
            "time": "2014-03-03 05:10:30"
        },
        {
            "name": "phpunit/phpunit",
            "version": "3.7.34",
            "source": {
                "type": "git",
                "url": "https://github.com/sebastianbergmann/phpunit.git",
                "reference": "248d6ce95e6ca7f0e3135252c0b984bbe1f52f19"
            },
            "dist": {
                "type": "zip",
                "url": "https://api.github.com/repos/sebastianbergmann/phpunit/zipball/248d6ce95e6ca7f0e3135252c0b984bbe1f52f19",
                "reference": "248d6ce95e6ca7f0e3135252c0b984bbe1f52f19",
                "shasum": ""
            },
            "require": {
                "ext-dom": "*",
                "ext-pcre": "*",
                "ext-reflection": "*",
                "ext-spl": "*",
                "php": ">=5.3.3",
                "phpunit/php-code-coverage": "~1.2",
                "phpunit/php-file-iterator": "~1.3",
                "phpunit/php-text-template": "~1.1",
                "phpunit/php-timer": "~1.0",
                "phpunit/phpunit-mock-objects": "~1.2",
                "symfony/yaml": "~2.0"
            },
            "require-dev": {
                "pear-pear.php.net/pear": "1.9.4"
            },
            "suggest": {
                "ext-json": "*",
                "ext-simplexml": "*",
                "ext-tokenizer": "*",
                "phpunit/php-invoker": "~1.1"
            },
            "bin": [
                "composer/bin/phpunit"
            ],
            "type": "library",
            "extra": {
                "branch-alias": {
                    "dev-master": "3.7.x-dev"
                }
            },
            "autoload": {
                "classmap": [
                    "PHPUnit/"
                ]
            },
            "notification-url": "https://packagist.org/downloads/",
            "include-path": [
                "",
                "../../symfony/yaml/"
            ],
            "license": [
                "BSD-3-Clause"
            ],
            "authors": [
                {
                    "name": "Sebastian Bergmann",
                    "email": "sebastian@phpunit.de",
                    "role": "lead"
                }
            ],
            "description": "The PHP Unit Testing framework.",
            "homepage": "http://www.phpunit.de/",
            "keywords": [
                "phpunit",
                "testing",
                "xunit"
            ],
            "time": "2014-03-28 11:04:36"
        },
        {
            "name": "phpunit/phpunit-mock-objects",
            "version": "1.2.3",
            "source": {
                "type": "git",
                "url": "https://github.com/sebastianbergmann/phpunit-mock-objects.git",
                "reference": "5794e3c5c5ba0fb037b11d8151add2a07fa82875"
            },
            "dist": {
                "type": "zip",
                "url": "https://api.github.com/repos/sebastianbergmann/phpunit-mock-objects/zipball/5794e3c5c5ba0fb037b11d8151add2a07fa82875",
                "reference": "5794e3c5c5ba0fb037b11d8151add2a07fa82875",
                "shasum": ""
            },
            "require": {
                "php": ">=5.3.3",
                "phpunit/php-text-template": ">=1.1.1@stable"
            },
            "suggest": {
                "ext-soap": "*"
            },
            "type": "library",
            "autoload": {
                "classmap": [
                    "PHPUnit/"
                ]
            },
            "notification-url": "https://packagist.org/downloads/",
            "include-path": [
                ""
            ],
            "license": [
                "BSD-3-Clause"
            ],
            "authors": [
                {
                    "name": "Sebastian Bergmann",
                    "email": "sb@sebastian-bergmann.de",
                    "role": "lead"
                }
            ],
            "description": "Mock Object library for PHPUnit",
            "homepage": "https://github.com/sebastianbergmann/phpunit-mock-objects/",
            "keywords": [
                "mock",
                "xunit"
            ],
            "time": "2013-01-13 10:24:48"
        },
        {
            "name": "sebastian/finder-facade",
            "version": "1.1.0",
            "source": {
                "type": "git",
                "url": "https://github.com/sebastianbergmann/finder-facade.git",
                "reference": "1e396fda3449fce9df032749fa4fa2619e0347e0"
            },
            "dist": {
                "type": "zip",
                "url": "https://api.github.com/repos/sebastianbergmann/finder-facade/zipball/1e396fda3449fce9df032749fa4fa2619e0347e0",
                "reference": "1e396fda3449fce9df032749fa4fa2619e0347e0",
                "shasum": ""
            },
            "require": {
                "symfony/finder": ">=2.2.0",
                "theseer/fdomdocument": ">=1.3.1"
            },
            "type": "library",
            "autoload": {
                "classmap": [
                    "src/"
                ]
            },
            "notification-url": "https://packagist.org/downloads/",
            "license": [
                "BSD-3-Clause"
            ],
            "authors": [
                {
                    "name": "Sebastian Bergmann",
                    "email": "sebastian@phpunit.de",
                    "role": "lead"
                }
            ],
            "description": "FinderFacade is a convenience wrapper for Symfony's Finder component.",
            "homepage": "https://github.com/sebastianbergmann/finder-facade",
            "time": "2013-05-28 06:10:03"
        },
        {
            "name": "sebastian/phpcpd",
            "version": "2.0.1",
            "source": {
                "type": "git",
                "url": "https://github.com/sebastianbergmann/phpcpd.git",
                "reference": "a9462153f2dd90466a010179901d31fbff598365"
            },
            "dist": {
                "type": "zip",
                "url": "https://api.github.com/repos/sebastianbergmann/phpcpd/zipball/a9462153f2dd90466a010179901d31fbff598365",
                "reference": "a9462153f2dd90466a010179901d31fbff598365",
                "shasum": ""
            },
            "require": {
                "php": ">=5.3.3",
                "phpunit/php-timer": ">=1.0.4",
                "sebastian/finder-facade": ">=1.1.0",
                "sebastian/version": ">=1.0.3",
                "symfony/console": ">=2.2.0",
                "theseer/fdomdocument": "~1.4"
            },
            "bin": [
                "phpcpd"
            ],
            "type": "library",
            "extra": {
                "branch-alias": {
                    "dev-master": "2.0-dev"
                }
            },
            "autoload": {
                "classmap": [
                    "src/"
                ]
            },
            "notification-url": "https://packagist.org/downloads/",
            "license": [
                "BSD-3-Clause"
            ],
            "authors": [
                {
                    "name": "Sebastian Bergmann",
                    "email": "sebastian@phpunit.de",
                    "role": "lead"
                }
            ],
            "description": "Copy/Paste Detector (CPD) for PHP code.",
            "homepage": "https://github.com/sebastianbergmann/phpcpd",
            "time": "2014-03-31 09:25:30"
        },
        {
            "name": "sebastian/version",
            "version": "1.0.3",
            "source": {
                "type": "git",
                "url": "https://github.com/sebastianbergmann/version.git",
                "reference": "b6e1f0cf6b9e1ec409a0d3e2f2a5fb0998e36b43"
            },
            "dist": {
                "type": "zip",
                "url": "https://api.github.com/repos/sebastianbergmann/version/zipball/b6e1f0cf6b9e1ec409a0d3e2f2a5fb0998e36b43",
                "reference": "b6e1f0cf6b9e1ec409a0d3e2f2a5fb0998e36b43",
                "shasum": ""
            },
            "type": "library",
            "autoload": {
                "classmap": [
                    "src/"
                ]
            },
            "notification-url": "https://packagist.org/downloads/",
            "license": [
                "BSD-3-Clause"
            ],
            "authors": [
                {
                    "name": "Sebastian Bergmann",
                    "email": "sebastian@phpunit.de",
                    "role": "lead"
                }
            ],
            "description": "Library that helps with managing the version number of Git-hosted PHP projects",
            "homepage": "https://github.com/sebastianbergmann/version",
            "time": "2014-03-07 15:35:33"
        },
        {
            "name": "squizlabs/php_codesniffer",
            "version": "1.5.2",
            "source": {
                "type": "git",
                "url": "https://github.com/squizlabs/PHP_CodeSniffer.git",
                "reference": "a76a39b317ce8106abe6264daa505e24e1731860"
            },
            "dist": {
                "type": "zip",
                "url": "https://api.github.com/repos/squizlabs/PHP_CodeSniffer/zipball/a76a39b317ce8106abe6264daa505e24e1731860",
                "reference": "a76a39b317ce8106abe6264daa505e24e1731860",
                "shasum": ""
            },
            "require": {
                "ext-tokenizer": "*",
                "php": ">=5.1.2"
            },
            "suggest": {
                "phpunit/php-timer": "dev-master"
            },
            "bin": [
                "scripts/phpcs"
            ],
            "type": "library",
            "autoload": {
                "classmap": [
                    "CodeSniffer.php",
                    "CodeSniffer/CLI.php",
                    "CodeSniffer/Exception.php",
                    "CodeSniffer/File.php",
                    "CodeSniffer/Report.php",
                    "CodeSniffer/Reporting.php",
                    "CodeSniffer/Sniff.php",
                    "CodeSniffer/Tokens.php",
                    "CodeSniffer/Reports/",
                    "CodeSniffer/CommentParser/",
                    "CodeSniffer/Tokenizers/",
                    "CodeSniffer/DocGenerators/",
                    "CodeSniffer/Standards/AbstractPatternSniff.php",
                    "CodeSniffer/Standards/AbstractScopeSniff.php",
                    "CodeSniffer/Standards/AbstractVariableSniff.php",
                    "CodeSniffer/Standards/IncorrectPatternException.php",
                    "CodeSniffer/Standards/Generic/Sniffs/",
                    "CodeSniffer/Standards/MySource/Sniffs/",
                    "CodeSniffer/Standards/PEAR/Sniffs/",
                    "CodeSniffer/Standards/PSR1/Sniffs/",
                    "CodeSniffer/Standards/PSR2/Sniffs/",
                    "CodeSniffer/Standards/Squiz/Sniffs/",
                    "CodeSniffer/Standards/Zend/Sniffs/"
                ]
            },
            "notification-url": "https://packagist.org/downloads/",
            "license": [
                "BSD-3-Clause"
            ],
            "authors": [
                {
                    "name": "Greg Sherwood",
                    "role": "lead"
                }
            ],
            "description": "PHP_CodeSniffer tokenises PHP, JavaScript and CSS files and detects violations of a defined set of coding standards.",
            "homepage": "http://www.squizlabs.com/php-codesniffer",
            "keywords": [
                "phpcs",
                "standards"
            ],
            "time": "2014-02-04 23:49:58"
        },
        {
            "name": "symfony/console",
            "version": "v2.4.3",
            "target-dir": "Symfony/Component/Console",
            "source": {
                "type": "git",
                "url": "https://github.com/symfony/Console.git",
                "reference": "ef20f1f58d7f693ee888353962bd2db336e3bbcb"
            },
            "dist": {
                "type": "zip",
                "url": "https://api.github.com/repos/symfony/Console/zipball/ef20f1f58d7f693ee888353962bd2db336e3bbcb",
                "reference": "ef20f1f58d7f693ee888353962bd2db336e3bbcb",
                "shasum": ""
            },
            "require": {
                "php": ">=5.3.3"
            },
            "require-dev": {
                "symfony/event-dispatcher": "~2.1"
            },
            "suggest": {
                "symfony/event-dispatcher": ""
            },
            "type": "library",
            "extra": {
                "branch-alias": {
                    "dev-master": "2.4-dev"
                }
            },
            "autoload": {
                "psr-0": {
                    "Symfony\\Component\\Console\\": ""
                }
            },
            "notification-url": "https://packagist.org/downloads/",
            "license": [
                "MIT"
            ],
            "authors": [
                {
                    "name": "Fabien Potencier",
                    "email": "fabien@symfony.com",
                    "homepage": "http://fabien.potencier.org",
                    "role": "Lead Developer"
                },
                {
                    "name": "Symfony Community",
                    "homepage": "http://symfony.com/contributors"
                }
            ],
            "description": "Symfony Console Component",
            "homepage": "http://symfony.com",
            "time": "2014-03-01 17:35:04"
        },
        {
            "name": "symfony/event-dispatcher",
            "version": "v2.4.3",
            "target-dir": "Symfony/Component/EventDispatcher",
            "source": {
                "type": "git",
                "url": "https://github.com/symfony/EventDispatcher.git",
                "reference": "4708b8cd41984a5ba29fe7dd40716f7f761ac501"
            },
            "dist": {
                "type": "zip",
                "url": "https://api.github.com/repos/symfony/EventDispatcher/zipball/4708b8cd41984a5ba29fe7dd40716f7f761ac501",
                "reference": "4708b8cd41984a5ba29fe7dd40716f7f761ac501",
                "shasum": ""
            },
            "require": {
                "php": ">=5.3.3"
            },
            "require-dev": {
                "symfony/dependency-injection": "~2.0"
            },
            "suggest": {
                "symfony/dependency-injection": "",
                "symfony/http-kernel": ""
            },
            "type": "library",
            "extra": {
                "branch-alias": {
                    "dev-master": "2.4-dev"
                }
            },
            "autoload": {
                "psr-0": {
                    "Symfony\\Component\\EventDispatcher\\": ""
                }
            },
            "notification-url": "https://packagist.org/downloads/",
            "license": [
                "MIT"
            ],
            "authors": [
                {
                    "name": "Fabien Potencier",
                    "email": "fabien@symfony.com",
                    "homepage": "http://fabien.potencier.org",
                    "role": "Lead Developer"
                },
                {
                    "name": "Symfony Community",
                    "homepage": "http://symfony.com/contributors"
                }
            ],
            "description": "Symfony EventDispatcher Component",
            "homepage": "http://symfony.com",
            "time": "2014-02-11 13:52:09"
        },
        {
            "name": "symfony/finder",
            "version": "v2.4.3",
            "target-dir": "Symfony/Component/Finder",
            "source": {
                "type": "git",
                "url": "https://github.com/symfony/Finder.git",
                "reference": "ab301c7d21f536c34ab6c2c79dba8d465104c518"
            },
            "dist": {
                "type": "zip",
                "url": "https://api.github.com/repos/symfony/Finder/zipball/ab301c7d21f536c34ab6c2c79dba8d465104c518",
                "reference": "ab301c7d21f536c34ab6c2c79dba8d465104c518",
                "shasum": ""
            },
            "require": {
                "php": ">=5.3.3"
            },
            "type": "library",
            "extra": {
                "branch-alias": {
                    "dev-master": "2.4-dev"
                }
            },
            "autoload": {
                "psr-0": {
                    "Symfony\\Component\\Finder\\": ""
                }
            },
            "notification-url": "https://packagist.org/downloads/",
            "license": [
                "MIT"
            ],
            "authors": [
                {
                    "name": "Fabien Potencier",
                    "email": "fabien@symfony.com",
                    "homepage": "http://fabien.potencier.org",
                    "role": "Lead Developer"
                },
                {
                    "name": "Symfony Community",
                    "homepage": "http://symfony.com/contributors"
                }
            ],
            "description": "Symfony Finder Component",
            "homepage": "http://symfony.com",
            "time": "2014-03-01 17:35:04"
        },
        {
            "name": "symfony/translation",
            "version": "v2.4.3",
            "target-dir": "Symfony/Component/Translation",
            "source": {
                "type": "git",
                "url": "https://github.com/symfony/Translation.git",
                "reference": "98697a79a0db83d6f9a3a609a0704f02571ab46c"
            },
            "dist": {
                "type": "zip",
                "url": "https://api.github.com/repos/symfony/Translation/zipball/98697a79a0db83d6f9a3a609a0704f02571ab46c",
                "reference": "98697a79a0db83d6f9a3a609a0704f02571ab46c",
                "shasum": ""
            },
            "require": {
                "php": ">=5.3.3"
            },
            "require-dev": {
                "symfony/config": "~2.0",
                "symfony/yaml": "~2.2"
            },
            "suggest": {
                "symfony/config": "",
                "symfony/yaml": ""
            },
            "type": "library",
            "extra": {
                "branch-alias": {
                    "dev-master": "2.4-dev"
                }
            },
            "autoload": {
                "psr-0": {
                    "Symfony\\Component\\Translation\\": ""
                }
            },
            "notification-url": "https://packagist.org/downloads/",
            "license": [
                "MIT"
            ],
            "authors": [
                {
                    "name": "Fabien Potencier",
                    "email": "fabien@symfony.com",
                    "homepage": "http://fabien.potencier.org",
                    "role": "Lead Developer"
                },
                {
                    "name": "Symfony Community",
                    "homepage": "http://symfony.com/contributors"
                }
            ],
            "description": "Symfony Translation Component",
            "homepage": "http://symfony.com",
            "time": "2014-03-26 11:35:33"
        },
        {
            "name": "symfony/yaml",
            "version": "v2.4.3",
            "target-dir": "Symfony/Component/Yaml",
            "source": {
                "type": "git",
                "url": "https://github.com/symfony/Yaml.git",
                "reference": "77a41c2835ab7cfe8bf6d15e25d3af8f3eb3bacd"
            },
            "dist": {
                "type": "zip",
                "url": "https://api.github.com/repos/symfony/Yaml/zipball/77a41c2835ab7cfe8bf6d15e25d3af8f3eb3bacd",
                "reference": "77a41c2835ab7cfe8bf6d15e25d3af8f3eb3bacd",
                "shasum": ""
            },
            "require": {
                "php": ">=5.3.3"
            },
            "type": "library",
            "extra": {
                "branch-alias": {
                    "dev-master": "2.4-dev"
                }
            },
            "autoload": {
                "psr-0": {
                    "Symfony\\Component\\Yaml\\": ""
                }
            },
            "notification-url": "https://packagist.org/downloads/",
            "license": [
                "MIT"
            ],
            "authors": [
                {
                    "name": "Fabien Potencier",
                    "email": "fabien@symfony.com",
                    "homepage": "http://fabien.potencier.org",
                    "role": "Lead Developer"
                },
                {
                    "name": "Symfony Community",
                    "homepage": "http://symfony.com/contributors"
                }
            ],
            "description": "Symfony Yaml Component",
            "homepage": "http://symfony.com",
            "time": "2014-03-12 18:29:58"
        },
        {
            "name": "theseer/fdomdocument",
            "version": "1.5.0",
            "source": {
                "type": "git",
                "url": "https://github.com/theseer/fDOMDocument.git",
                "reference": "137aa3b13bef05b4e301899cbabdaf7d501847d2"
            },
            "dist": {
                "type": "zip",
                "url": "https://api.github.com/repos/theseer/fDOMDocument/zipball/137aa3b13bef05b4e301899cbabdaf7d501847d2",
                "reference": "137aa3b13bef05b4e301899cbabdaf7d501847d2",
                "shasum": ""
            },
            "require": {
                "ext-dom": "*",
                "lib-libxml": "*",
                "php": ">=5.3.3"
            },
            "type": "library",
            "autoload": {
                "classmap": [
                    "src/"
                ]
            },
            "notification-url": "https://packagist.org/downloads/",
            "license": [
                "BSD-3-Clause"
            ],
            "authors": [
                {
                    "name": "Arne Blankerts",
                    "email": "arne@blankerts.de",
                    "role": "lead"
                }
            ],
            "description": "The classes contained within this repository extend the standard DOM to use exceptions at all occasions of errors instead of PHP warnings or notices. They also add various custom methods and shortcuts for convenience and to simplify the usage of DOM.",
            "homepage": "https://github.com/theseer/fDOMDocument",
            "time": "2014-02-19 00:20:43"
        }
    ],
    "aliases": [

    ],
    "minimum-stability": "stable",
    "stability-flags": {
        "erebot/plop": 20,
        "erebot/buildenv": 20
    },
    "platform": {
        "php": ">=5.3.3",
        "ext-openssl": "*",
        "ext-mcrypt": "*",
        "ext-gmp": "*"
    },
    "platform-dev": [

    ]
}
